
Microsoft Visual Studio Solution File, Format Version 12.00
# Visual Studio 14
VisualStudioVersion = 14.0.23107.0
MinimumVisualStudioVersion = 10.0.40219.1
Project("{FAE04EC0-301F-11D3-BF4B-00C04F79EFBC}") = "UmbracoHangfireExample", "UmbracoHangfireExample\UmbracoHangfireExample.csproj", "{9C70B8CA-E063-408D-A74E-214D6E48014A}"
EndProject
Global
	GlobalSection(SolutionConfigurationPlatforms) = preSolution
		Debug|Any CPU = Debug|Any CPU
		Release|Any CPU = Release|Any CPU
	EndGlobalSection
	GlobalSection(ProjectConfigurationPlatforms) = postSolution
		{9C70B8CA-E063-408D-A74E-214D6E48014A}.Debug|Any CPU.ActiveCfg = Debug|Any CPU
		{9C70B8CA-E063-408D-A74E-214D6E48014A}.Debug|Any CPU.Build.0 = Debug|Any CPU
		{9C70B8CA-E063-408D-A74E-214D6E48014A}.Release|Any CPU.ActiveCfg = Release|Any CPU
		{9C70B8CA-E063-408D-A74E-214D6E48014A}.Release|Any CPU.Build.0 = Release|Any CPU
	EndGlobalSection
	GlobalSection(SolutionProperties) = preSolution
		HideSolutionNode = FALSE
	EndGlobalSection
EndGlobal
